// !$*UTF8*$!
{
	archiveVersion = 1;
	classes = {
	};
	objectVersion = 46;
	objects = {

/* Begin PBXBuildFile section */
		2200C0151BD08A8700B737B3 /* LootSprite.swift in Sources */ = {isa = PBXBuildFile; fileRef = 2200C0141BD08A8700B737B3 /* LootSprite.swift */; };
		220314D71BD3F7BD00F840E0 /* Loot.swift in Sources */ = {isa = PBXBuildFile; fileRef = 220314D61BD3F7BD00F840E0 /* Loot.swift */; };
		220861501BCC4DDB00F04E67 /* empty_map_32.json in Resources */ = {isa = PBXBuildFile; fileRef = 2208614F1BCC4DDB00F04E67 /* empty_map_32.json */; };
		220861521BCC564D00F04E67 /* DiceHUD.swift in Sources */ = {isa = PBXBuildFile; fileRef = 220861511BCC564D00F04E67 /* DiceHUD.swift */; };
		22DAE82A1BC95D0E004A6545 /* AppDelegate.swift in Sources */ = {isa = PBXBuildFile; fileRef = 22DAE8291BC95D0E004A6545 /* AppDelegate.swift */; };
		22DAE8301BC95D0E004A6545 /* GameViewController.swift in Sources */ = {isa = PBXBuildFile; fileRef = 22DAE82F1BC95D0E004A6545 /* GameViewController.swift */; };
		22DAE8321BC95D0E004A6545 /* Game.xcassets in Resources */ = {isa = PBXBuildFile; fileRef = 22DAE8311BC95D0E004A6545 /* Game.xcassets */; };
		22DAE8351BC95D0E004A6545 /* Main.storyboard in Resources */ = {isa = PBXBuildFile; fileRef = 22DAE8331BC95D0E004A6545 /* Main.storyboard */; };
		22DAE8371BC95D0F004A6545 /* Assets.xcassets in Resources */ = {isa = PBXBuildFile; fileRef = 22DAE8361BC95D0F004A6545 /* Assets.xcassets */; };
		22DAE8421BC95D0F004A6545 /* RompAroundTests.swift in Sources */ = {isa = PBXBuildFile; fileRef = 22DAE8411BC95D0F004A6545 /* RompAroundTests.swift */; };
		22DAE84D1BC95D0F004A6545 /* RompAroundUITests.swift in Sources */ = {isa = PBXBuildFile; fileRef = 22DAE84C1BC95D0F004A6545 /* RompAroundUITests.swift */; };
		22DAE85B1BC95F45004A6545 /* MapSquare.swift in Sources */ = {isa = PBXBuildFile; fileRef = 22DAE85A1BC95F45004A6545 /* MapSquare.swift */; };
		22DAE85D1BC960B1004A6545 /* LevelData.swift in Sources */ = {isa = PBXBuildFile; fileRef = 22DAE85C1BC960B1004A6545 /* LevelData.swift */; };
		22DAE85F1BC96CDE004A6545 /* LevelScene.swift in Sources */ = {isa = PBXBuildFile; fileRef = 22DAE85E1BC96CDE004A6545 /* LevelScene.swift */; };
		22DAE8621BC96E69004A6545 /* empty_map_64.json in Resources */ = {isa = PBXBuildFile; fileRef = 22DAE8611BC96E69004A6545 /* empty_map_64.json */; };
		22DAE8641BC972EE004A6545 /* Zero.json in Resources */ = {isa = PBXBuildFile; fileRef = 22DAE8631BC972EE004A6545 /* Zero.json */; };
		22DAE8691BC978E1004A6545 /* EnemySprite.swift in Sources */ = {isa = PBXBuildFile; fileRef = 22DAE8681BC978E1004A6545 /* EnemySprite.swift */; };
		22DAE8CC1BCAC1A7004A6545 /* Protocols.swift in Sources */ = {isa = PBXBuildFile; fileRef = 22DAE8CB1BCAC1A7004A6545 /* Protocols.swift */; };
		22DAE8CF1BCAC219004A6545 /* PlayerSprite.swift in Sources */ = {isa = PBXBuildFile; fileRef = 22DAE8CE1BCAC219004A6545 /* PlayerSprite.swift */; };
		22DAE8D11BCAC7D4004A6545 /* Extensions.swift in Sources */ = {isa = PBXBuildFile; fileRef = 22DAE8D01BCAC7D4004A6545 /* Extensions.swift */; };
		22DAE8D31BCAEBEF004A6545 /* CardSprite.swift in Sources */ = {isa = PBXBuildFile; fileRef = 22DAE8D21BCAEBEF004A6545 /* CardSprite.swift */; };
		22DAE8D81BCAFECD004A6545 /* Player.swift in Sources */ = {isa = PBXBuildFile; fileRef = 22DAE8D71BCAFECD004A6545 /* Player.swift */; };
/* End PBXBuildFile section */

/* Begin PBXContainerItemProxy section */
		22DAE83E1BC95D0F004A6545 /* PBXContainerItemProxy */ = {
			isa = PBXContainerItemProxy;
			containerPortal = 22DAE81E1BC95D0E004A6545 /* Project object */;
			proxyType = 1;
			remoteGlobalIDString = 22DAE8251BC95D0E004A6545;
			remoteInfo = RompAround;
		};
		22DAE8491BC95D0F004A6545 /* PBXContainerItemProxy */ = {
			isa = PBXContainerItemProxy;
			containerPortal = 22DAE81E1BC95D0E004A6545 /* Project object */;
			proxyType = 1;
			remoteGlobalIDString = 22DAE8251BC95D0E004A6545;
			remoteInfo = RompAround;
		};
/* End PBXContainerItemProxy section */

/* Begin PBXFileReference section */
		2200C0141BD08A8700B737B3 /* LootSprite.swift */ = {isa = PBXFileReference; fileEncoding = 4; lastKnownFileType = sourcecode.swift; path = LootSprite.swift; sourceTree = "<group>"; };
		220314D61BD3F7BD00F840E0 /* Loot.swift */ = {isa = PBXFileReference; fileEncoding = 4; lastKnownFileType = sourcecode.swift; path = Loot.swift; sourceTree = "<group>"; };
		2208614F1BCC4DDB00F04E67 /* empty_map_32.json */ = {isa = PBXFileReference; fileEncoding = 4; lastKnownFileType = text.json; path = empty_map_32.json; sourceTree = "<group>"; };
		220861511BCC564D00F04E67 /* DiceHUD.swift */ = {isa = PBXFileReference; fileEncoding = 4; lastKnownFileType = sourcecode.swift; path = DiceHUD.swift; sourceTree = "<group>"; };
		22DAE8261BC95D0E004A6545 /* RompAround.app */ = {isa = PBXFileReference; explicitFileType = wrapper.application; includeInIndex = 0; path = RompAround.app; sourceTree = BUILT_PRODUCTS_DIR; };
		22DAE8291BC95D0E004A6545 /* AppDelegate.swift */ = {isa = PBXFileReference; lastKnownFileType = sourcecode.swift; path = AppDelegate.swift; sourceTree = "<group>"; };
		22DAE82F1BC95D0E004A6545 /* GameViewController.swift */ = {isa = PBXFileReference; lastKnownFileType = sourcecode.swift; path = GameViewController.swift; sourceTree = "<group>"; };
		22DAE8311BC95D0E004A6545 /* Game.xcassets */ = {isa = PBXFileReference; lastKnownFileType = folder.assetcatalog; path = Game.xcassets; sourceTree = "<group>"; };
		22DAE8341BC95D0E004A6545 /* Base */ = {isa = PBXFileReference; lastKnownFileType = file.storyboard; name = Base; path = Base.lproj/Main.storyboard; sourceTree = "<group>"; };
		22DAE8361BC95D0F004A6545 /* Assets.xcassets */ = {isa = PBXFileReference; lastKnownFileType = folder.assetcatalog; path = Assets.xcassets; sourceTree = "<group>"; };
		22DAE8381BC95D0F004A6545 /* Info.plist */ = {isa = PBXFileReference; lastKnownFileType = text.plist.xml; path = Info.plist; sourceTree = "<group>"; };
		22DAE83D1BC95D0F004A6545 /* RompAroundTests.xctest */ = {isa = PBXFileReference; explicitFileType = wrapper.cfbundle; includeInIndex = 0; path = RompAroundTests.xctest; sourceTree = BUILT_PRODUCTS_DIR; };
		22DAE8411BC95D0F004A6545 /* RompAroundTests.swift */ = {isa = PBXFileReference; lastKnownFileType = sourcecode.swift; path = RompAroundTests.swift; sourceTree = "<group>"; };
		22DAE8431BC95D0F004A6545 /* Info.plist */ = {isa = PBXFileReference; lastKnownFileType = text.plist.xml; path = Info.plist; sourceTree = "<group>"; };
		22DAE8481BC95D0F004A6545 /* RompAroundUITests.xctest */ = {isa = PBXFileReference; explicitFileType = wrapper.cfbundle; includeInIndex = 0; path = RompAroundUITests.xctest; sourceTree = BUILT_PRODUCTS_DIR; };
		22DAE84C1BC95D0F004A6545 /* RompAroundUITests.swift */ = {isa = PBXFileReference; lastKnownFileType = sourcecode.swift; path = RompAroundUITests.swift; sourceTree = "<group>"; };
		22DAE84E1BC95D0F004A6545 /* Info.plist */ = {isa = PBXFileReference; lastKnownFileType = text.plist.xml; path = Info.plist; sourceTree = "<group>"; };
		22DAE85A1BC95F45004A6545 /* MapSquare.swift */ = {isa = PBXFileReference; fileEncoding = 4; lastKnownFileType = sourcecode.swift; path = MapSquare.swift; sourceTree = "<group>"; };
		22DAE85C1BC960B1004A6545 /* LevelData.swift */ = {isa = PBXFileReference; fileEncoding = 4; lastKnownFileType = sourcecode.swift; path = LevelData.swift; sourceTree = "<group>"; };
		22DAE85E1BC96CDE004A6545 /* LevelScene.swift */ = {isa = PBXFileReference; fileEncoding = 4; lastKnownFileType = sourcecode.swift; path = LevelScene.swift; sourceTree = "<group>"; };
		22DAE8611BC96E69004A6545 /* empty_map_64.json */ = {isa = PBXFileReference; fileEncoding = 4; lastKnownFileType = text.json; path = empty_map_64.json; sourceTree = "<group>"; };
		22DAE8631BC972EE004A6545 /* Zero.json */ = {isa = PBXFileReference; fileEncoding = 4; lastKnownFileType = text.json; path = Zero.json; sourceTree = "<group>"; };
		22DAE8681BC978E1004A6545 /* EnemySprite.swift */ = {isa = PBXFileReference; fileEncoding = 4; lastKnownFileType = sourcecode.swift; path = EnemySprite.swift; sourceTree = "<group>"; };
		22DAE8CB1BCAC1A7004A6545 /* Protocols.swift */ = {isa = PBXFileReference; fileEncoding = 4; lastKnownFileType = sourcecode.swift; path = Protocols.swift; sourceTree = "<group>"; };
		22DAE8CE1BCAC219004A6545 /* PlayerSprite.swift */ = {isa = PBXFileReference; fileEncoding = 4; lastKnownFileType = sourcecode.swift; path = PlayerSprite.swift; sourceTree = "<group>"; };
		22DAE8D01BCAC7D4004A6545 /* Extensions.swift */ = {isa = PBXFileReference; fileEncoding = 4; lastKnownFileType = sourcecode.swift; path = Extensions.swift; sourceTree = "<group>"; };
		22DAE8D21BCAEBEF004A6545 /* CardSprite.swift */ = {isa = PBXFileReference; fileEncoding = 4; lastKnownFileType = sourcecode.swift; path = CardSprite.swift; sourceTree = "<group>"; };
		22DAE8D71BCAFECD004A6545 /* Player.swift */ = {isa = PBXFileReference; fileEncoding = 4; lastKnownFileType = sourcecode.swift; path = Player.swift; sourceTree = "<group>"; };
/* End PBXFileReference section */

/* Begin PBXFrameworksBuildPhase section */
		22DAE8231BC95D0E004A6545 /* Frameworks */ = {
			isa = PBXFrameworksBuildPhase;
			buildActionMask = 2147483647;
			files = (
			);
			runOnlyForDeploymentPostprocessing = 0;
		};
		22DAE83A1BC95D0F004A6545 /* Frameworks */ = {
			isa = PBXFrameworksBuildPhase;
			buildActionMask = 2147483647;
			files = (
			);
			runOnlyForDeploymentPostprocessing = 0;
		};
		22DAE8451BC95D0F004A6545 /* Frameworks */ = {
			isa = PBXFrameworksBuildPhase;
			buildActionMask = 2147483647;
			files = (
			);
			runOnlyForDeploymentPostprocessing = 0;
		};
/* End PBXFrameworksBuildPhase section */

/* Begin PBXGroup section */
		220314D51BD3F7AE00F840E0 /* Loot */ = {
			isa = PBXGroup;
			children = (
				220314D61BD3F7BD00F840E0 /* Loot.swift */,
			);
			name = Loot;
			sourceTree = "<group>";
		};
		22DAE81D1BC95D0E004A6545 = {
			isa = PBXGroup;
			children = (
				22DAE8281BC95D0E004A6545 /* RompAround */,
				22DAE8401BC95D0F004A6545 /* RompAroundTests */,
				22DAE84B1BC95D0F004A6545 /* RompAroundUITests */,
				22DAE8271BC95D0E004A6545 /* Products */,
			);
			sourceTree = "<group>";
		};
		22DAE8271BC95D0E004A6545 /* Products */ = {
			isa = PBXGroup;
			children = (
				22DAE8261BC95D0E004A6545 /* RompAround.app */,
				22DAE83D1BC95D0F004A6545 /* RompAroundTests.xctest */,
				22DAE8481BC95D0F004A6545 /* RompAroundUITests.xctest */,
			);
			name = Products;
			sourceTree = "<group>";
		};
		22DAE8281BC95D0E004A6545 /* RompAround */ = {
			isa = PBXGroup;
			children = (
				220314D51BD3F7AE00F840E0 /* Loot */,
				22DAE8D61BCAFEBD004A6545 /* Entities */,
				22DAE8CD1BCAC205004A6545 /* Sprites */,
				22DAE8CA1BCAC193004A6545 /* Protocols */,
				22DAE8651BC97770004A6545 /* Extensions */,
				22DAE8601BC96E56004A6545 /* Levels */,
				22DAE8291BC95D0E004A6545 /* AppDelegate.swift */,
				22DAE82F1BC95D0E004A6545 /* GameViewController.swift */,
				22DAE8311BC95D0E004A6545 /* Game.xcassets */,
				22DAE8331BC95D0E004A6545 /* Main.storyboard */,
				22DAE8361BC95D0F004A6545 /* Assets.xcassets */,
				22DAE8381BC95D0F004A6545 /* Info.plist */,
				22DAE85A1BC95F45004A6545 /* MapSquare.swift */,
				22DAE85C1BC960B1004A6545 /* LevelData.swift */,
				22DAE85E1BC96CDE004A6545 /* LevelScene.swift */,
			);
			path = RompAround;
			sourceTree = "<group>";
		};
		22DAE8401BC95D0F004A6545 /* RompAroundTests */ = {
			isa = PBXGroup;
			children = (
				22DAE8411BC95D0F004A6545 /* RompAroundTests.swift */,
				22DAE8431BC95D0F004A6545 /* Info.plist */,
			);
			path = RompAroundTests;
			sourceTree = "<group>";
		};
		22DAE84B1BC95D0F004A6545 /* RompAroundUITests */ = {
			isa = PBXGroup;
			children = (
				22DAE84C1BC95D0F004A6545 /* RompAroundUITests.swift */,
				22DAE84E1BC95D0F004A6545 /* Info.plist */,
			);
			path = RompAroundUITests;
			sourceTree = "<group>";
		};
		22DAE8601BC96E56004A6545 /* Levels */ = {
			isa = PBXGroup;
			children = (
				2208614F1BCC4DDB00F04E67 /* empty_map_32.json */,
				22DAE8611BC96E69004A6545 /* empty_map_64.json */,
				22DAE8631BC972EE004A6545 /* Zero.json */,
			);
			name = Levels;
			sourceTree = "<group>";
		};
		22DAE8651BC97770004A6545 /* Extensions */ = {
			isa = PBXGroup;
			children = (
				22DAE8D01BCAC7D4004A6545 /* Extensions.swift */,
			);
			name = Extensions;
			sourceTree = "<group>";
		};
		22DAE8CA1BCAC193004A6545 /* Protocols */ = {
			isa = PBXGroup;
			children = (
				22DAE8CB1BCAC1A7004A6545 /* Protocols.swift */,
			);
			name = Protocols;
			sourceTree = "<group>";
		};
		22DAE8CD1BCAC205004A6545 /* Sprites */ = {
			isa = PBXGroup;
			children = (
				22DAE8CE1BCAC219004A6545 /* PlayerSprite.swift */,
				22DAE8681BC978E1004A6545 /* EnemySprite.swift */,
				22DAE8D21BCAEBEF004A6545 /* CardSprite.swift */,
				2200C0141BD08A8700B737B3 /* LootSprite.swift */,
			);
			name = Sprites;
			sourceTree = "<group>";
		};
		22DAE8D61BCAFEBD004A6545 /* Entities */ = {
			isa = PBXGroup;
			children = (
				22DAE8D71BCAFECD004A6545 /* Player.swift */,
				220861511BCC564D00F04E67 /* DiceHUD.swift */,
			);
			name = Entities;
			sourceTree = "<group>";
		};
/* End PBXGroup section */

/* Begin PBXNativeTarget section */
		22DAE8251BC95D0E004A6545 /* RompAround */ = {
			isa = PBXNativeTarget;
			buildConfigurationList = 22DAE8511BC95D0F004A6545 /* Build configuration list for PBXNativeTarget "RompAround" */;
			buildPhases = (
				22DAE8221BC95D0E004A6545 /* Sources */,
				22DAE8231BC95D0E004A6545 /* Frameworks */,
				22DAE8241BC95D0E004A6545 /* Resources */,
			);
			buildRules = (
			);
			dependencies = (
			);
			name = RompAround;
			productName = RompAround;
			productReference = 22DAE8261BC95D0E004A6545 /* RompAround.app */;
			productType = "com.apple.product-type.application";
		};
		22DAE83C1BC95D0F004A6545 /* RompAroundTests */ = {
			isa = PBXNativeTarget;
			buildConfigurationList = 22DAE8541BC95D0F004A6545 /* Build configuration list for PBXNativeTarget "RompAroundTests" */;
			buildPhases = (
				22DAE8391BC95D0F004A6545 /* Sources */,
				22DAE83A1BC95D0F004A6545 /* Frameworks */,
				22DAE83B1BC95D0F004A6545 /* Resources */,
			);
			buildRules = (
			);
			dependencies = (
				22DAE83F1BC95D0F004A6545 /* PBXTargetDependency */,
			);
			name = RompAroundTests;
			productName = RompAroundTests;
			productReference = 22DAE83D1BC95D0F004A6545 /* RompAroundTests.xctest */;
			productType = "com.apple.product-type.bundle.unit-test";
		};
		22DAE8471BC95D0F004A6545 /* RompAroundUITests */ = {
			isa = PBXNativeTarget;
			buildConfigurationList = 22DAE8571BC95D0F004A6545 /* Build configuration list for PBXNativeTarget "RompAroundUITests" */;
			buildPhases = (
				22DAE8441BC95D0F004A6545 /* Sources */,
				22DAE8451BC95D0F004A6545 /* Frameworks */,
				22DAE8461BC95D0F004A6545 /* Resources */,
			);
			buildRules = (
			);
			dependencies = (
				22DAE84A1BC95D0F004A6545 /* PBXTargetDependency */,
			);
			name = RompAroundUITests;
			productName = RompAroundUITests;
			productReference = 22DAE8481BC95D0F004A6545 /* RompAroundUITests.xctest */;
			productType = "com.apple.product-type.bundle.ui-testing";
		};
/* End PBXNativeTarget section */

/* Begin PBXProject section */
		22DAE81E1BC95D0E004A6545 /* Project object */ = {
			isa = PBXProject;
			attributes = {
				LastUpgradeCheck = 0710;
				ORGANIZATIONNAME = "manderson-productions";
				TargetAttributes = {
					22DAE8251BC95D0E004A6545 = {
						CreatedOnToolsVersion = 7.1;
					};
					22DAE83C1BC95D0F004A6545 = {
						CreatedOnToolsVersion = 7.1;
						TestTargetID = 22DAE8251BC95D0E004A6545;
					};
					22DAE8471BC95D0F004A6545 = {
						CreatedOnToolsVersion = 7.1;
						TestTargetID = 22DAE8251BC95D0E004A6545;
					};
				};
			};
			buildConfigurationList = 22DAE8211BC95D0E004A6545 /* Build configuration list for PBXProject "RompAround" */;
			compatibilityVersion = "Xcode 3.2";
			developmentRegion = English;
			hasScannedForEncodings = 0;
			knownRegions = (
				en,
				Base,
			);
			mainGroup = 22DAE81D1BC95D0E004A6545;
			productRefGroup = 22DAE8271BC95D0E004A6545 /* Products */;
			projectDirPath = "";
			projectRoot = "";
			targets = (
				22DAE8251BC95D0E004A6545 /* RompAround */,
				22DAE83C1BC95D0F004A6545 /* RompAroundTests */,
				22DAE8471BC95D0F004A6545 /* RompAroundUITests */,
			);
		};
/* End PBXProject section */

/* Begin PBXResourcesBuildPhase section */
		22DAE8241BC95D0E004A6545 /* Resources */ = {
			isa = PBXResourcesBuildPhase;
			buildActionMask = 2147483647;
			files = (
				22DAE8351BC95D0E004A6545 /* Main.storyboard in Resources */,
				22DAE8371BC95D0F004A6545 /* Assets.xcassets in Resources */,
				22DAE8321BC95D0E004A6545 /* Game.xcassets in Resources */,
				22DAE8621BC96E69004A6545 /* empty_map_64.json in Resources */,
				22DAE8641BC972EE004A6545 /* Zero.json in Resources */,
				220861501BCC4DDB00F04E67 /* empty_map_32.json in Resources */,
			);
			runOnlyForDeploymentPostprocessing = 0;
		};
		22DAE83B1BC95D0F004A6545 /* Resources */ = {
			isa = PBXResourcesBuildPhase;
			buildActionMask = 2147483647;
			files = (
			);
			runOnlyForDeploymentPostprocessing = 0;
		};
		22DAE8461BC95D0F004A6545 /* Resources */ = {
			isa = PBXResourcesBuildPhase;
			buildActionMask = 2147483647;
			files = (
			);
			runOnlyForDeploymentPostprocessing = 0;
		};
/* End PBXResourcesBuildPhase section */

/* Begin PBXSourcesBuildPhase section */
		22DAE8221BC95D0E004A6545 /* Sources */ = {
			isa = PBXSourcesBuildPhase;
			buildActionMask = 2147483647;
			files = (
				22DAE8CF1BCAC219004A6545 /* PlayerSprite.swift in Sources */,
				22DAE85B1BC95F45004A6545 /* MapSquare.swift in Sources */,
				220861521BCC564D00F04E67 /* DiceHUD.swift in Sources */,
				22DAE85D1BC960B1004A6545 /* LevelData.swift in Sources */,
				22DAE8D81BCAFECD004A6545 /* Player.swift in Sources */,
				22DAE8691BC978E1004A6545 /* EnemySprite.swift in Sources */,
				22DAE8D31BCAEBEF004A6545 /* CardSprite.swift in Sources */,
				2200C0151BD08A8700B737B3 /* LootSprite.swift in Sources */,
				22DAE8D11BCAC7D4004A6545 /* Extensions.swift in Sources */,
				22DAE85F1BC96CDE004A6545 /* LevelScene.swift in Sources */,
				22DAE8301BC95D0E004A6545 /* GameViewController.swift in Sources */,
				220314D71BD3F7BD00F840E0 /* Loot.swift in Sources */,
				22DAE82A1BC95D0E004A6545 /* AppDelegate.swift in Sources */,
				22DAE8CC1BCAC1A7004A6545 /* Protocols.swift in Sources */,
			);
			runOnlyForDeploymentPostprocessing = 0;
		};
		22DAE8391BC95D0F004A6545 /* Sources */ = {
			isa = PBXSourcesBuildPhase;
			buildActionMask = 2147483647;
			files = (
				22DAE8421BC95D0F004A6545 /* RompAroundTests.swift in Sources */,
			);
			runOnlyForDeploymentPostprocessing = 0;
		};
		22DAE8441BC95D0F004A6545 /* Sources */ = {
			isa = PBXSourcesBuildPhase;
			buildActionMask = 2147483647;
			files = (
				22DAE84D1BC95D0F004A6545 /* RompAroundUITests.swift in Sources */,
			);
			runOnlyForDeploymentPostprocessing = 0;
		};
/* End PBXSourcesBuildPhase section */

/* Begin PBXTargetDependency section */
		22DAE83F1BC95D0F004A6545 /* PBXTargetDependency */ = {
			isa = PBXTargetDependency;
			target = 22DAE8251BC95D0E004A6545 /* RompAround */;
			targetProxy = 22DAE83E1BC95D0F004A6545 /* PBXContainerItemProxy */;
		};
		22DAE84A1BC95D0F004A6545 /* PBXTargetDependency */ = {
			isa = PBXTargetDependency;
			target = 22DAE8251BC95D0E004A6545 /* RompAround */;
			targetProxy = 22DAE8491BC95D0F004A6545 /* PBXContainerItemProxy */;
		};
/* End PBXTargetDependency section */

/* Begin PBXVariantGroup section */
		22DAE8331BC95D0E004A6545 /* Main.storyboard */ = {
			isa = PBXVariantGroup;
			children = (
				22DAE8341BC95D0E004A6545 /* Base */,
			);
			name = Main.storyboard;
			sourceTree = "<group>";
		};
/* End PBXVariantGroup section */

/* Begin XCBuildConfiguration section */
		22DAE84F1BC95D0F004A6545 /* Debug */ = {
			isa = XCBuildConfiguration;
			buildSettings = {
				ALWAYS_SEARCH_USER_PATHS = NO;
				CLANG_CXX_LANGUAGE_STANDARD = "gnu++0x";
				CLANG_CXX_LIBRARY = "libc++";
				CLANG_ENABLE_MODULES = YES;
				CLANG_ENABLE_OBJC_ARC = YES;
				CLANG_WARN_BOOL_CONVERSION = YES;
				CLANG_WARN_CONSTANT_CONVERSION = YES;
				CLANG_WARN_DIRECT_OBJC_ISA_USAGE = YES_ERROR;
				CLANG_WARN_EMPTY_BODY = YES;
				CLANG_WARN_ENUM_CONVERSION = YES;
				CLANG_WARN_INT_CONVERSION = YES;
				CLANG_WARN_OBJC_ROOT_CLASS = YES_ERROR;
				CLANG_WARN_UNREACHABLE_CODE = YES;
				CLANG_WARN__DUPLICATE_METHOD_MATCH = YES;
				COPY_PHASE_STRIP = NO;
				DEBUG_INFORMATION_FORMAT = "dwarf-with-dsym";
				ENABLE_STRICT_OBJC_MSGSEND = YES;
				ENABLE_TESTABILITY = YES;
				GCC_C_LANGUAGE_STANDARD = gnu99;
				GCC_DYNAMIC_NO_PIC = NO;
				GCC_NO_COMMON_BLOCKS = YES;
				GCC_OPTIMIZATION_LEVEL = 0;
				GCC_PREPROCESSOR_DEFINITIONS = (
					"DEBUG=1",
					"$(inherited)",
				);
				GCC_WARN_64_TO_32_BIT_CONVERSION = YES;
				GCC_WARN_ABOUT_RETURN_TYPE = YES_ERROR;
				GCC_WARN_UNDECLARED_SELECTOR = YES;
				GCC_WARN_UNINITIALIZED_AUTOS = YES_AGGRESSIVE;
				GCC_WARN_UNUSED_FUNCTION = YES;
				GCC_WARN_UNUSED_VARIABLE = YES;
				MTL_ENABLE_DEBUG_INFO = YES;
				ONLY_ACTIVE_ARCH = YES;
				SDKROOT = appletvos;
				SWIFT_OPTIMIZATION_LEVEL = "-Onone";
				TARGETED_DEVICE_FAMILY = 3;
				TVOS_DEPLOYMENT_TARGET = 9.0;
			};
			name = Debug;
		};
		22DAE8501BC95D0F004A6545 /* Release */ = {
			isa = XCBuildConfiguration;
			buildSettings = {
				ALWAYS_SEARCH_USER_PATHS = NO;
				CLANG_CXX_LANGUAGE_STANDARD = "gnu++0x";
				CLANG_CXX_LIBRARY = "libc++";
				CLANG_ENABLE_MODULES = YES;
				CLANG_ENABLE_OBJC_ARC = YES;
				CLANG_WARN_BOOL_CONVERSION = YES;
				CLANG_WARN_CONSTANT_CONVERSION = YES;
				CLANG_WARN_DIRECT_OBJC_ISA_USAGE = YES_ERROR;
				CLANG_WARN_EMPTY_BODY = YES;
				CLANG_WARN_ENUM_CONVERSION = YES;
				CLANG_WARN_INT_CONVERSION = YES;
				CLANG_WARN_OBJC_ROOT_CLASS = YES_ERROR;
				CLANG_WARN_UNREACHABLE_CODE = YES;
				CLANG_WARN__DUPLICATE_METHOD_MATCH = YES;
				COPY_PHASE_STRIP = NO;
				DEBUG_INFORMATION_FORMAT = "dwarf-with-dsym";
				ENABLE_NS_ASSERTIONS = NO;
				ENABLE_STRICT_OBJC_MSGSEND = YES;
				GCC_C_LANGUAGE_STANDARD = gnu99;
				GCC_NO_COMMON_BLOCKS = YES;
				GCC_WARN_64_TO_32_BIT_CONVERSION = YES;
				GCC_WARN_ABOUT_RETURN_TYPE = YES_ERROR;
				GCC_WARN_UNDECLARED_SELECTOR = YES;
				GCC_WARN_UNINITIALIZED_AUTOS = YES_AGGRESSIVE;
				GCC_WARN_UNUSED_FUNCTION = YES;
				GCC_WARN_UNUSED_VARIABLE = YES;
				MTL_ENABLE_DEBUG_INFO = NO;
				SDKROOT = appletvos;
				TARGETED_DEVICE_FAMILY = 3;
				TVOS_DEPLOYMENT_TARGET = 9.0;
				VALIDATE_PRODUCT = YES;
			};
			name = Release;
		};
		22DAE8521BC95D0F004A6545 /* Debug */ = {
			isa = XCBuildConfiguration;
			buildSettings = {
				ASSETCATALOG_COMPILER_APPICON_NAME = "App Icon & Top Shelf Image";
				ASSETCATALOG_COMPILER_LAUNCHIMAGE_NAME = LaunchImage;
				INFOPLIST_FILE = RompAround/Info.plist;
				LD_RUNPATH_SEARCH_PATHS = "$(inherited) @executable_path/Frameworks";
				PRODUCT_BUNDLE_IDENTIFIER = com.manderson.RompAround;
				PRODUCT_NAME = "$(TARGET_NAME)";
			};
			name = Debug;
		};
		22DAE8531BC95D0F004A6545 /* Release */ = {
			isa = XCBuildConfiguration;
			buildSettings = {
				ASSETCATALOG_COMPILER_APPICON_NAME = "App Icon & Top Shelf Image";
				ASSETCATALOG_COMPILER_LAUNCHIMAGE_NAME = LaunchImage;
				INFOPLIST_FILE = RompAround/Info.plist;
				LD_RUNPATH_SEARCH_PATHS = "$(inherited) @executable_path/Frameworks";
				PRODUCT_BUNDLE_IDENTIFIER = com.manderson.RompAround;
				PRODUCT_NAME = "$(TARGET_NAME)";
			};
			name = Release;
		};
		22DAE8551BC95D0F004A6545 /* Debug */ = {
			isa = XCBuildConfiguration;
			buildSettings = {
				BUNDLE_LOADER = "$(TEST_HOST)";
				DEBUG_INFORMATION_FORMAT = dwarf;
				INFOPLIST_FILE = RompAroundTests/Info.plist;
				LD_RUNPATH_SEARCH_PATHS = "$(inherited) @executable_path/Frameworks @loader_path/Frameworks";
				PRODUCT_BUNDLE_IDENTIFIER = com.manderson.RompAroundTests;
				PRODUCT_NAME = "$(TARGET_NAME)";
				TEST_HOST = "$(BUILT_PRODUCTS_DIR)/RompAround.app/RompAround";
			};
			name = Debug;
		};
		22DAE8561BC95D0F004A6545 /* Release */ = {
			isa = XCBuildConfiguration;
			buildSettings = {
				BUNDLE_LOADER = "$(TEST_HOST)";
				INFOPLIST_FILE = RompAroundTests/Info.plist;
				LD_RUNPATH_SEARCH_PATHS = "$(inherited) @executable_path/Frameworks @loader_path/Frameworks";
				PRODUCT_BUNDLE_IDENTIFIER = com.manderson.RompAroundTests;
				PRODUCT_NAME = "$(TARGET_NAME)";
				TEST_HOST = "$(BUILT_PRODUCTS_DIR)/RompAround.app/RompAround";
			};
			name = Release;
		};
		22DAE8581BC95D0F004A6545 /* Debug */ = {
			isa = XCBuildConfiguration;
			buildSettings = {
				DEBUG_INFORMATION_FORMAT = dwarf;
				INFOPLIST_FILE = RompAroundUITests/Info.plist;
				LD_RUNPATH_SEARCH_PATHS = "$(inherited) @executable_path/Frameworks @loader_path/Frameworks";
				PRODUCT_BUNDLE_IDENTIFIER = com.manderson.RompAroundUITests;
				PRODUCT_NAME = "$(TARGET_NAME)";
				TEST_TARGET_NAME = RompAround;
				USES_XCTRUNNER = YES;
			};
			name = Debug;
		};
		22DAE8591BC95D0F004A6545 /* Release */ = {
			isa = XCBuildConfiguration;
			buildSettings = {
				INFOPLIST_FILE = RompAroundUITests/Info.plist;
				LD_RUNPATH_SEARCH_PATHS = "$(inherited) @executable_path/Frameworks @loader_path/Frameworks";
				PRODUCT_BUNDLE_IDENTIFIER = com.manderson.RompAroundUITests;
				PRODUCT_NAME = "$(TARGET_NAME)";
				TEST_TARGET_NAME = RompAround;
				USES_XCTRUNNER = YES;
			};
			name = Release;
		};
/* End XCBuildConfiguration section */

/* Begin XCConfigurationList section */
		22DAE8211BC95D0E004A6545 /* Build configuration list for PBXProject "RompAround" */ = {
			isa = XCConfigurationList;
			buildConfigurations = (
				22DAE84F1BC95D0F004A6545 /* Debug */,
				22DAE8501BC95D0F004A6545 /* Release */,
			);
			defaultConfigurationIsVisible = 0;
			defaultConfigurationName = Release;
		};
		22DAE8511BC95D0F004A6545 /* Build configuration list for PBXNativeTarget "RompAround" */ = {
			isa = XCConfigurationList;
			buildConfigurations = (
				22DAE8521BC95D0F004A6545 /* Debug */,
				22DAE8531BC95D0F004A6545 /* Release */,
			);
			defaultConfigurationIsVisible = 0;
			defaultConfigurationName = Release;
		};
		22DAE8541BC95D0F004A6545 /* Build configuration list for PBXNativeTarget "RompAroundTests" */ = {
			isa = XCConfigurationList;
			buildConfigurations = (
				22DAE8551BC95D0F004A6545 /* Debug */,
				22DAE8561BC95D0F004A6545 /* Release */,
			);
			defaultConfigurationIsVisible = 0;
			defaultConfigurationName = Release;
		};
		22DAE8571BC95D0F004A6545 /* Build configuration list for PBXNativeTarget "RompAroundUITests" */ = {
			isa = XCConfigurationList;
			buildConfigurations = (
				22DAE8581BC95D0F004A6545 /* Debug */,
				22DAE8591BC95D0F004A6545 /* Release */,
			);
			defaultConfigurationIsVisible = 0;
			defaultConfigurationName = Release;
		};
/* End XCConfigurationList section */
	};
	rootObject = 22DAE81E1BC95D0E004A6545 /* Project object */;
}
